PODS:
  - Flutter (1.0.0)
  - GoogleMaps (2.7.0):
    - GoogleMaps/Maps (= 2.7.0)
  - GoogleMaps/Base (2.7.0)
  - GoogleMaps/Maps (2.7.0):
    - GoogleMaps/Base
  - map_view (0.0.12):
    - Flutter
    - GoogleMaps

DEPENDENCIES:
  - Flutter (from `/Users/ceisufro/flutter/bin/cache/artifacts/engine/ios`)
  - map_view (from `/Users/ceisufro/AndroidStudioProjects/flutter_google_map_view/ios`)

SPEC REPOS:
  https://github.com/cocoapods/specs.git:
    - GoogleMaps

EXTERNAL SOURCES:
  Flutter:
    :path: "/Users/ceisufro/flutter/bin/cache/artifacts/engine/ios"
  map_view:
    :path: "/Users/ceisufro/AndroidStudioProjects/flutter_google_map_view/ios"

SPEC CHECKSUMS:
  Flutter: 9d0fac939486c9aba2809b7982dfdbb47a7b0296
  GoogleMaps: f79af95cb24d869457b1f961c93d3ce8b2f3b848
  map_view: 4a71319ae78b6fb4c20813224b8c6e256703ff9b

PODFILE CHECKSUM: 351e02e34b831289961ec3558a535cbd2c4965d2

COCOAPODS: 1.5.3
